
Microsoft Visual Studio Solution File, Format Version 10.00
# Visual Studio 2008
Project("{FAE04EC0-301F-11D3-BF4B-00C04F79EFBC}") = "AcquireBearerTokenByUserCredentialSample", "AcquireBearerTokenByUserCredentialSample\AcquireBearerTokenByUserCredentialSample.csproj", "{B525CA49-2783-4DA7-B101-9EFCD260F11C}"
EndProject
Project("{FAE04EC0-301F-11D3-BF4B-00C04F79EFBC}") = "AcquireHoKTokenByHoKTokenSample", "AcquireHoKTokenByHoKTokenSample\AcquireHoKTokenByHoKTokenSample.csproj", "{E2F56558-6C3E-4E69-A196-6ED0C98B0064}"
EndProject
Project("{FAE04EC0-301F-11D3-BF4B-00C04F79EFBC}") = "AcquireHoKTokenByUserCredentialSample", "AcquireHoKTokenByUserCredentialSample\AcquireHoKTokenByUserCredentialSample.csproj", "{D6D037FC-2552-4E37-B3B3-1207BE2A16FD}"
EndProject
Project("{FAE04EC0-301F-11D3-BF4B-00C04F79EFBC}") = "AcquireHoKTokenBySolutionCertificateSample", "AcquireHoKTokenBySolutionCertificateSample\AcquireHoKTokenBySolutionCertificateSample.csproj", "{C6CD8E1C-B950-43A1-897E-F798708F6F73}"
EndProject
Project("{FAE04EC0-301F-11D3-BF4B-00C04F79EFBC}") = "RenewTokenSample", "RenewTokenSample\RenewTokenSample.csproj", "{4F0A8733-2AD2-4154-A545-7CB6E76F8C6C}"
EndProject
Project("{FAE04EC0-301F-11D3-BF4B-00C04F79EFBC}") = "ValidateTokenSample", "ValidateTokenSample\ValidateTokenSample.csproj", "{E289AA11-0E96-4A83-BD14-DF95F59452E4}"
EndProject
Project("{FAE04EC0-301F-11D3-BF4B-00C04F79EFBC}") = "LoginByToken", "LoginByToken\LoginByToken.csproj", "{C9E5709A-9E8D-49C1-A1D6-D51A472F76C1}"
EndProject
Global
	GlobalSection(SolutionConfigurationPlatforms) = preSolution
		Debug|Any CPU = Debug|Any CPU
		Release|Any CPU = Release|Any CPU
	EndGlobalSection
	GlobalSection(ProjectConfigurationPlatforms) = postSolution
		{B525CA49-2783-4DA7-B101-9EFCD260F11C}.Debug|Any CPU.ActiveCfg = Debug|Any CPU
		{B525CA49-2783-4DA7-B101-9EFCD260F11C}.Debug|Any CPU.Build.0 = Debug|Any CPU
		{B525CA49-2783-4DA7-B101-9EFCD260F11C}.Release|Any CPU.ActiveCfg = Release|Any CPU
		{B525CA49-2783-4DA7-B101-9EFCD260F11C}.Release|Any CPU.Build.0 = Release|Any CPU
		{E2F56558-6C3E-4E69-A196-6ED0C98B0064}.Debug|Any CPU.ActiveCfg = Debug|Any CPU
		{E2F56558-6C3E-4E69-A196-6ED0C98B0064}.Debug|Any CPU.Build.0 = Debug|Any CPU
		{E2F56558-6C3E-4E69-A196-6ED0C98B0064}.Release|Any CPU.ActiveCfg = Release|Any CPU
		{E2F56558-6C3E-4E69-A196-6ED0C98B0064}.Release|Any CPU.Build.0 = Release|Any CPU
		{D6D037FC-2552-4E37-B3B3-1207BE2A16FD}.Debug|Any CPU.ActiveCfg = Debug|Any CPU
		{D6D037FC-2552-4E37-B3B3-1207BE2A16FD}.Debug|Any CPU.Build.0 = Debug|Any CPU
		{D6D037FC-2552-4E37-B3B3-1207BE2A16FD}.Release|Any CPU.ActiveCfg = Release|Any CPU
		{D6D037FC-2552-4E37-B3B3-1207BE2A16FD}.Release|Any CPU.Build.0 = Release|Any CPU
		{C6CD8E1C-B950-43A1-897E-F798708F6F73}.Debug|Any CPU.ActiveCfg = Debug|Any CPU
		{C6CD8E1C-B950-43A1-897E-F798708F6F73}.Debug|Any CPU.Build.0 = Debug|Any CPU
		{C6CD8E1C-B950-43A1-897E-F798708F6F73}.Release|Any CPU.ActiveCfg = Release|Any CPU
		{C6CD8E1C-B950-43A1-897E-F798708F6F73}.Release|Any CPU.Build.0 = Release|Any CPU
		{4F0A8733-2AD2-4154-A545-7CB6E76F8C6C}.Debug|Any CPU.ActiveCfg = Debug|Any CPU
		{4F0A8733-2AD2-4154-A545-7CB6E76F8C6C}.Debug|Any CPU.Build.0 = Debug|Any CPU
		{4F0A8733-2AD2-4154-A545-7CB6E76F8C6C}.Release|Any CPU.ActiveCfg = Release|Any CPU
		{4F0A8733-2AD2-4154-A545-7CB6E76F8C6C}.Release|Any CPU.Build.0 = Release|Any CPU
		{E289AA11-0E96-4A83-BD14-DF95F59452E4}.Debug|Any CPU.ActiveCfg = Debug|Any CPU
		{E289AA11-0E96-4A83-BD14-DF95F59452E4}.Debug|Any CPU.Build.0 = Debug|Any CPU
		{E289AA11-0E96-4A83-BD14-DF95F59452E4}.Release|Any CPU.ActiveCfg = Release|Any CPU
		{E289AA11-0E96-4A83-BD14-DF95F59452E4}.Release|Any CPU.Build.0 = Release|Any CPU
		{C9E5709A-9E8D-49C1-A1D6-D51A472F76C1}.Debug|Any CPU.ActiveCfg = Debug|Any CPU
		{C9E5709A-9E8D-49C1-A1D6-D51A472F76C1}.Debug|Any CPU.Build.0 = Debug|Any CPU
		{C9E5709A-9E8D-49C1-A1D6-D51A472F76C1}.Release|Any CPU.ActiveCfg = Release|Any CPU
		{C9E5709A-9E8D-49C1-A1D6-D51A472F76C1}.Release|Any CPU.Build.0 = Release|Any CPU
	EndGlobalSection
	GlobalSection(SolutionProperties) = preSolution
		HideSolutionNode = FALSE
	EndGlobalSection
EndGlobal
